<?xml version="1.0" encoding="utf-8"?>
<Project ToolsVersion="4.0" xmlns="http://schemas.microsoft.com/developer/msbuild/2003">
  <ItemGroup>
    <ClCompile Include="RequestProcessing\add_friend_request.cpp">
      <Filter>Source Files</Filter>
    </ClCompile>
    <ClCompile Include="RequestProcessing\AbstractRequest.cpp">
      <Filter>Source Files</Filter>
    </ClCompile>
    <ClCompile Include="AsyncServer.cpp">
      <Filter>Source Files</Filter>
    </ClCompile>
    <ClCompile Include="DAL\client.cpp">
      <Filter>Source Files</Filter>
    </ClCompile>
    <ClCompile Include="DAL\dal.cpp">
      <Filter>Source Files</Filter>
    </ClCompile>
    <ClCompile Include="RequestProcessing\friendship_request.cpp">
      <Filter>Source Files</Filter>
    </ClCompile>
    <ClCompile Include="Logger\logger.cpp">
      <Filter>Source Files</Filter>
    </ClCompile>
    <ClCompile Include="RequestProcessing\LoginRequest.cpp">
      <Filter>Source Files</Filter>
    </ClCompile>
    <ClCompile Include="main.cpp">
      <Filter>Source Files</Filter>
    </ClCompile>
    <ClCompile Include="RequestProcessing\NewUserRequest.cpp">
      <Filter>Source Files</Filter>
    </ClCompile>
    <ClCompile Include="..\Parser&amp;Structs\parser.cpp">
      <Filter>Source Files</Filter>
    </ClCompile>
    <ClCompile Include="ServerThread.cpp">
      <Filter>Source Files</Filter>
    </ClCompile>
  </ItemGroup>
  <ItemGroup>
    <ClInclude Include="RequestProcessing\add_friend_request.h">
      <Filter>Header Files</Filter>
    </ClInclude>
    <ClInclude Include="DAL\dal.h">
      <Filter>Header Files</Filter>
    </ClInclude>
    <ClInclude Include="Logger\logger.h">
      <Filter>Header Files</Filter>
    </ClInclude>
    <ClInclude Include="DAL\Client.h">
      <Filter>Header Files</Filter>
    </ClInclude>
    <ClInclude Include="..\Parser&amp;Structs\parser.h">
      <Filter>Header Files</Filter>
    </ClInclude>
    <ClInclude Include="Exceptions\user_not_found.h">
      <Filter>Header Files</Filter>
    </ClInclude>
    <ClInclude Include="RequestProcessing\NewUserRequest.h">
      <Filter>Header Files</Filter>
    </ClInclude>
    <ClInclude Include="..\Parser&amp;Structs\request_types.h">
      <Filter>Header Files</Filter>
    </ClInclude>
    <ClInclude Include="RequestProcessing\friendship_request.h">
      <Filter>Header Files</Filter>
    </ClInclude>
    <ClInclude Include="RequestProcessing\LoginRequest.h">
      <Filter>Header Files</Filter>
    </ClInclude>
  </ItemGroup>
  <ItemGroup>
    <QtMoc Include="RequestProcessing\AbstractRequest.h">
      <Filter>Header Files</Filter>
    </QtMoc>
    <QtMoc Include="AsyncServer.h">
      <Filter>Header Files</Filter>
    </QtMoc>
    <QtMoc Include="ServerThread.h">
      <Filter>Header Files</Filter>
    </QtMoc>
  </ItemGroup>
  <ItemGroup>
    <Filter Include="Header Files">
      <UniqueIdentifier>{93995380-89BD-4b04-88EB-625FBE52EBFB}</UniqueIdentifier>
      <Extensions>h;hh;hpp;hxx;hm;inl;inc;xsd</Extensions>
      <ParseFiles>true</ParseFiles>
    </Filter>
    <Filter Include="Source Files">
      <UniqueIdentifier>{4FC737F1-C7A5-4376-A066-2A32D752A2FF}</UniqueIdentifier>
      <Extensions>cpp;c;cc;cxx;def;odl;idl;hpj;bat;asm;asmx</Extensions>
      <ParseFiles>true</ParseFiles>
    </Filter>
  </ItemGroup>
</Project>